// !$*UTF8*$!
{
	archiveVersion = 1;
	classes = {
	};
	objectVersion = 46;
	objects = {

/* Begin PBXBuildFile section */
		EC0ADFAB1C8885C200AD104B /* AppDelegate.swift in Sources */ = {isa = PBXBuildFile; fileRef = EC0ADFAA1C8885C200AD104B /* AppDelegate.swift */; };
		EC0ADFAD1C8885C200AD104B /* ViewController.swift in Sources */ = {isa = PBXBuildFile; fileRef = EC0ADFAC1C8885C200AD104B /* ViewController.swift */; };
		EC0ADFB01C8885C200AD104B /* Main.storyboard in Resources */ = {isa = PBXBuildFile; fileRef = EC0ADFAE1C8885C200AD104B /* Main.storyboard */; };
		EC0ADFB21C8885C200AD104B /* Assets.xcassets in Resources */ = {isa = PBXBuildFile; fileRef = EC0ADFB11C8885C200AD104B /* Assets.xcassets */; };
		EC0ADFB51C8885C200AD104B /* LaunchScreen.storyboard in Resources */ = {isa = PBXBuildFile; fileRef = EC0ADFB31C8885C200AD104B /* LaunchScreen.storyboard */; };
/* End PBXBuildFile section */

/* Begin PBXFileReference section */
		EC0ADFA71C8885C200AD104B /* FunFacts.app */ = {isa = PBXFileReference; explicitFileType = wrapper.application; includeInIndex = 0; path = FunFacts.app; sourceTree = BUILT_PRODUCTS_DIR; };
		EC0ADFAA1C8885C200AD104B /* AppDelegate.swift */ = {isa = PBXFileReference; lastKnownFileType = sourcecode.swift; path = AppDelegate.swift; sourceTree = "<group>"; };
		EC0ADFAC1C8885C200AD104B /* ViewController.swift */ = {isa = PBXFileReference; lastKnownFileType = sourcecode.swift; path = ViewController.swift; sourceTree = "<group>"; };
		EC0ADFAF1C8885C200AD104B /* Base */ = {isa = PBXFileReference; lastKnownFileType = file.storyboard; name = Base; path = Base.lproj/Main.storyboard; sourceTree = "<group>"; };
		EC0ADFB11C8885C200AD104B /* Assets.xcassets */ = {isa = PBXFileReference; lastKnownFileType = folder.assetcatalog; path = Assets.xcassets; sourceTree = "<group>"; };
		EC0ADFB41C8885C200AD104B /* Base */ = {isa = PBXFileReference; lastKnownFileType = file.storyboard; name = Base; path = Base.lproj/LaunchScreen.storyboard; sourceTree = "<group>"; };
		EC0ADFB61C8885C200AD104B /* Info.plist */ = {isa = PBXFileReference; lastKnownFileType = text.plist.xml; path = Info.plist; sourceTree = "<group>"; };
/* End PBXFileReference section */

/* Begin PBXFrameworksBuildPhase section */
		EC0ADFA41C8885C200AD104B /* Frameworks */ = {
			isa = PBXFrameworksBuildPhase;
			buildActionMask = 2147483647;
			files = (
			);
			runOnlyForDeploymentPostprocessing = 0;
		};
/* End PBXFrameworksBuildPhase section */

/* Begin PBXGroup section */
		EC0ADF9E1C8885C200AD104B = {
			isa = PBXGroup;
			children = (
				EC0ADFA91C8885C200AD104B /* FunFacts */,
				EC0ADFA81C8885C200AD104B /* Products */,
			);
			sourceTree = "<group>";
		};
		EC0ADFA81C8885C200AD104B /* Products */ = {
			isa = PBXGroup;
			children = (
				EC0ADFA71C8885C200AD104B /* FunFacts.app */,
			);
			name = Products;
			sourceTree = "<group>";
		};
		EC0ADFA91C8885C200AD104B /* FunFacts */ = {
			isa = PBXGroup;
			children = (
				EC0ADFAA1C8885C200AD104B /* AppDelegate.swift */,
				EC0ADFAC1C8885C200AD104B /* ViewController.swift */,
				EC0ADFAE1C8885C200AD104B /* Main.storyboard */,
				EC0ADFB11C8885C200AD104B /* Assets.xcassets */,
				EC0ADFB31C8885C200AD104B /* LaunchScreen.storyboard */,
				EC0ADFB61C8885C200AD104B /* Info.plist */,
			);
			path = FunFacts;
			sourceTree = "<group>";
		};
/* End PBXGroup section */

/* Begin PBXNativeTarget section */
		EC0ADFA61C8885C200AD104B /* FunFacts */ = {
			isa = PBXNativeTarget;
			buildConfigurationList = EC0ADFB91C8885C200AD104B /* Build configuration list for PBXNativeTarget "FunFacts" */;
			buildPhases = (
				EC0ADFA31C8885C200AD104B /* Sources */,
				EC0ADFA41C8885C200AD104B /* Frameworks */,
				EC0ADFA51C8885C200AD104B /* Resources */,
			);
			buildRules = (
			);
			dependencies = (
			);
			name = FunFacts;
			productName = FunFacts;
			productReference = EC0ADFA71C8885C200AD104B /* FunFacts.app */;
			productType = "com.apple.product-type.application";
		};
/* End PBXNativeTarget section */

/* Begin PBXProject section */
		EC0ADF9F1C8885C200AD104B /* Project object */ = {
			isa = PBXProject;
			attributes = {
				LastSwiftUpdateCheck = 0720;
				LastUpgradeCheck = 0720;
				ORGANIZATIONNAME = Fernando;
				TargetAttributes = {
					EC0ADFA61C8885C200AD104B = {
						CreatedOnToolsVersion = 7.2.1;
						DevelopmentTeam = ZXBK6BD56X;
					};
				};
			};
			buildConfigurationList = EC0ADFA21C8885C200AD104B /* Build configuration list for PBXProject "FunFacts" */;
			compatibilityVersion = "Xcode 3.2";
			developmentRegion = English;
			hasScannedForEncodings = 0;
			knownRegions = (
				en,
				Base,
			);
			mainGroup = EC0ADF9E1C8885C200AD104B;
			productRefGroup = EC0ADFA81C8885C200AD104B /* Products */;
			projectDirPath = "";
			projectRoot = "";
			targets = (
				EC0ADFA61C8885C200AD104B /* FunFacts */,
			);
		};
/* End PBXProject section */

/* Begin PBXResourcesBuildPhase section */
		EC0ADFA51C8885C200AD104B /* Resources */ = {
			isa = PBXResourcesBuildPhase;
			buildActionMask = 2147483647;
			files = (
				EC0ADFB51C8885C200AD104B /* LaunchScreen.storyboard in Resources */,
				EC0ADFB21C8885C200AD104B /* Assets.xcassets in Resources */,
				EC0ADFB01C8885C200AD104B /* Main.storyboard in Resources */,
			);
			runOnlyForDeploymentPostprocessing = 0;
		};
/* End PBXResourcesBuildPhase section */

/* Begin PBXSourcesBuildPhase section */
		EC0ADFA31C8885C200AD104B /* Sources */ = {
			isa = PBXSourcesBuildPhase;
			buildActionMask = 2147483647;
			files = (
				EC0ADFAD1C8885C200AD104B /* ViewController.swift in Sources */,
				EC0ADFAB1C8885C200AD104B /* AppDelegate.swift in Sources */,
			);
			runOnlyForDeploymentPostprocessing = 0;
		};
/* End PBXSourcesBuildPhase section */

/* Begin PBXVariantGroup section */
		EC0ADFAE1C8885C200AD104B /* Main.storyboard */ = {
			isa = PBXVariantGroup;
			children = (
				EC0ADFAF1C8885C200AD104B /* Base */,
			);
			name = Main.storyboard;
			sourceTree = "<group>";
		};
		EC0ADFB31C8885C200AD104B /* LaunchScreen.storyboard */ = {
			isa = PBXVariantGroup;
			children = (
				EC0ADFB41C8885C200AD104B /* Base */,
			);
			name = LaunchScreen.storyboard;
			sourceTree = "<group>";
		};
/* End PBXVariantGroup section */

/* Begin XCBuildConfiguration section */
		EC0ADFB71C8885C200AD104B /* Debug */ = {
			isa = XCBuildConfiguration;
			buildSettings = {
				ALWAYS_SEARCH_USER_PATHS = NO;
				CLANG_CXX_LANGUAGE_STANDARD = "gnu++0x";
				CLANG_CXX_LIBRARY = "libc++";
				CLANG_ENABLE_MODULES = YES;
				CLANG_ENABLE_OBJC_ARC = YES;
				CLANG_WARN_BOOL_CONVERSION = YES;
				CLANG_WARN_CONSTANT_CONVERSION = YES;
				CLANG_WARN_DIRECT_OBJC_ISA_USAGE = YES_ERROR;
				CLANG_WARN_EMPTY_BODY = YES;
				CLANG_WARN_ENUM_CONVERSION = YES;
				CLANG_WARN_INT_CONVERSION = YES;
				CLANG_WARN_OBJC_ROOT_CLASS = YES_ERROR;
				CLANG_WARN_UNREACHABLE_CODE = YES;
				CLANG_WARN__DUPLICATE_METHOD_MATCH = YES;
				"CODE_SIGN_IDENTITY[sdk=iphoneos*]" = "iPhone Developer";
				COPY_PHASE_STRIP = NO;
				DEBUG_INFORMATION_FORMAT = dwarf;
				ENABLE_STRICT_OBJC_MSGSEND = YES;
				ENABLE_TESTABILITY = YES;
				GCC_C_LANGUAGE_STANDARD = gnu99;
				GCC_DYNAMIC_NO_PIC = NO;
				GCC_NO_COMMON_BLOCKS = YES;
				GCC_OPTIMIZATION_LEVEL = 0;
				GCC_PREPROCESSOR_DEFINITIONS = (
					"DEBUG=1",
					"$(inherited)",
				);
				GCC_WARN_64_TO_32_BIT_CONVERSION = YES;
				GCC_WARN_ABOUT_RETURN_TYPE = YES_ERROR;
				GCC_WARN_UNDECLARED_SELECTOR = YES;
				GCC_WARN_UNINITIALIZED_AUTOS = YES_AGGRESSIVE;
				GCC_WARN_UNUSED_FUNCTION = YES;
				GCC_WARN_UNUSED_VARIABLE = YES;
				IPHONEOS_DEPLOYMENT_TARGET = 9.2;
				MTL_ENABLE_DEBUG_INFO = YES;
				ONLY_ACTIVE_ARCH = YES;
				SDKROOT = iphoneos;
				SWIFT_OPTIMIZATION_LEVEL = "-Onone";
			};
			name = Debug;
		};
		EC0ADFB81C8885C200AD104B /* Release */ = {
			isa = XCBuildConfiguration;
			buildSettings = {
				ALWAYS_SEARCH_USER_PATHS = NO;
				CLANG_CXX_LANGUAGE_STANDARD = "gnu++0x";
				CLANG_CXX_LIBRARY = "libc++";
				CLANG_ENABLE_MODULES = YES;
				CLANG_ENABLE_OBJC_ARC = YES;
				CLANG_WARN_BOOL_CONVERSION = YES;
				CLANG_WARN_CONSTANT_CONVERSION = YES;
				CLANG_WARN_DIRECT_OBJC_ISA_USAGE = YES_ERROR;
				CLANG_WARN_EMPTY_BODY = YES;
				CLANG_WARN_ENUM_CONVERSION = YES;
				CLANG_WARN_INT_CONVERSION = YES;
				CLANG_WARN_OBJC_ROOT_CLASS = YES_ERROR;
				CLANG_WARN_UNREACHABLE_CODE = YES;
				CLANG_WARN__DUPLICATE_METHOD_MATCH = YES;
				"CODE_SIGN_IDENTITY[sdk=iphoneos*]" = "iPhone Developer";
				COPY_PHASE_STRIP = NO;
				DEBUG_INFORMATION_FORMAT = "dwarf-with-dsym";
				ENABLE_NS_ASSERTIONS = NO;
				ENABLE_STRICT_OBJC_MSGSEND = YES;
				GCC_C_LANGUAGE_STANDARD = gnu99;
				GCC_NO_COMMON_BLOCKS = YES;
				GCC_WARN_64_TO_32_BIT_CONVERSION = YES;
				GCC_WARN_ABOUT_RETURN_TYPE = YES_ERROR;
				GCC_WARN_UNDECLARED_SELECTOR = YES;
				GCC_WARN_UNINITIALIZED_AUTOS = YES_AGGRESSIVE;
				GCC_WARN_UNUSED_FUNCTION = YES;
				GCC_WARN_UNUSED_VARIABLE = YES;
				IPHONEOS_DEPLOYMENT_TARGET = 9.2;
				MTL_ENABLE_DEBUG_INFO = NO;
				SDKROOT = iphoneos;
				VALIDATE_PRODUCT = YES;
			};
			name = Release;
		};
		EC0ADFBA1C8885C200AD104B /* Debug */ = {
			isa = XCBuildConfiguration;
			buildSettings = {
				ASSETCATALOG_COMPILER_APPICON_NAME = AppIcon;
				INFOPLIST_FILE = FunFacts/Info.plist;
				LD_RUNPATH_SEARCH_PATHS = "$(inherited) @executable_path/Frameworks";
				PRODUCT_BUNDLE_IDENTIFIER = com.fernando.FunFacts;
				PRODUCT_NAME = "$(TARGET_NAME)";
			};
			name = Debug;
		};
		EC0ADFBB1C8885C200AD104B /* Release */ = {
			isa = XCBuildConfiguration;
			buildSettings = {
				ASSETCATALOG_COMPILER_APPICON_NAME = AppIcon;
				INFOPLIST_FILE = FunFacts/Info.plist;
				LD_RUNPATH_SEARCH_PATHS = "$(inherited) @executable_path/Frameworks";
				PRODUCT_BUNDLE_IDENTIFIER = com.fernando.FunFacts;
				PRODUCT_NAME = "$(TARGET_NAME)";
			};
			name = Release;
		};
/* End XCBuildConfiguration section */

/* Begin XCConfigurationList section */
		EC0ADFA21C8885C200AD104B /* Build configuration list for PBXProject "FunFacts" */ = {
			isa = XCConfigurationList;
			buildConfigurations = (
				EC0ADFB71C8885C200AD104B /* Debug */,
				EC0ADFB81C8885C200AD104B /* Release */,
			);
			defaultConfigurationIsVisible = 0;
			defaultConfigurationName = Release;
		};
		EC0ADFB91C8885C200AD104B /* Build configuration list for PBXNativeTarget "FunFacts" */ = {
			isa = XCConfigurationList;
			buildConfigurations = (
				EC0ADFBA1C8885C200AD104B /* Debug */,
				EC0ADFBB1C8885C200AD104B /* Release */,
			);
			defaultConfigurationIsVisible = 0;
		};
/* End XCConfigurationList section */
	};
	rootObject = EC0ADF9F1C8885C200AD104B /* Project object */;
}
